// !$*UTF8*$!
{
	archiveVersion = 1;
	classes = {
	};
	objectVersion = 50;
	objects = {

/* Begin PBXBuildFile section */
		B53F8F0B26EFA42A00805334 /* AppDelegate.swift in Sources */ = {isa = PBXBuildFile; fileRef = B53F8F0A26EFA42A00805334 /* AppDelegate.swift */; };
		B53F8F0D26EFA42A00805334 /* SceneDelegate.swift in Sources */ = {isa = PBXBuildFile; fileRef = B53F8F0C26EFA42A00805334 /* SceneDelegate.swift */; };
		B53F8F0F26EFA42A00805334 /* ViewController.swift in Sources */ = {isa = PBXBuildFile; fileRef = B53F8F0E26EFA42A00805334 /* ViewController.swift */; };
		B53F8F1226EFA42A00805334 /* Main.storyboard in Resources */ = {isa = PBXBuildFile; fileRef = B53F8F1026EFA42A00805334 /* Main.storyboard */; };
		B53F8F1426EFA42B00805334 /* Assets.xcassets in Resources */ = {isa = PBXBuildFile; fileRef = B53F8F1326EFA42B00805334 /* Assets.xcassets */; };
		B53F8F1726EFA42B00805334 /* LaunchScreen.storyboard in Resources */ = {isa = PBXBuildFile; fileRef = B53F8F1526EFA42B00805334 /* LaunchScreen.storyboard */; };
		B53F8F2A26EFC20D00805334 /* izz-kyle.mp4 in Resources */ = {isa = PBXBuildFile; fileRef = B53F8F2326EFC20C00805334 /* izz-kyle.mp4 */; };
		B53F8F2B26EFC20D00805334 /* izz-ben.mp4 in Resources */ = {isa = PBXBuildFile; fileRef = B53F8F2426EFC20C00805334 /* izz-ben.mp4 */; };
		B53F8F2C26EFC20D00805334 /* izz-del.mp4 in Resources */ = {isa = PBXBuildFile; fileRef = B53F8F2526EFC20D00805334 /* izz-del.mp4 */; };
		B53F8F2D26EFC20D00805334 /* LaunchScreen.mp4 in Resources */ = {isa = PBXBuildFile; fileRef = B53F8F2626EFC20D00805334 /* LaunchScreen.mp4 */; };
		B53F8F2E26EFC20D00805334 /* kyle-del.mp4 in Resources */ = {isa = PBXBuildFile; fileRef = B53F8F2726EFC20D00805334 /* kyle-del.mp4 */; };
		B53F8F2F26EFC20D00805334 /* ben-del.mp4 in Resources */ = {isa = PBXBuildFile; fileRef = B53F8F2826EFC20D00805334 /* ben-del.mp4 */; };
		B53F8F3026EFC20D00805334 /* ben-kyle.mp4 in Resources */ = {isa = PBXBuildFile; fileRef = B53F8F2926EFC20D00805334 /* ben-kyle.mp4 */; };
		B53F8F3226EFC2DA00805334 /* SMBSound.mp4 in Resources */ = {isa = PBXBuildFile; fileRef = B53F8F3126EFC2DA00805334 /* SMBSound.mp4 */; };
/* End PBXBuildFile section */

/* Begin PBXFileReference section */
		B53F8F0726EFA42A00805334 /* GroupAssesment.app */ = {isa = PBXFileReference; explicitFileType = wrapper.application; includeInIndex = 0; path = GroupAssesment.app; sourceTree = BUILT_PRODUCTS_DIR; };
		B53F8F0A26EFA42A00805334 /* AppDelegate.swift */ = {isa = PBXFileReference; lastKnownFileType = sourcecode.swift; path = AppDelegate.swift; sourceTree = "<group>"; };
		B53F8F0C26EFA42A00805334 /* SceneDelegate.swift */ = {isa = PBXFileReference; lastKnownFileType = sourcecode.swift; path = SceneDelegate.swift; sourceTree = "<group>"; };
		B53F8F0E26EFA42A00805334 /* ViewController.swift */ = {isa = PBXFileReference; lastKnownFileType = sourcecode.swift; path = ViewController.swift; sourceTree = "<group>"; };
		B53F8F1126EFA42A00805334 /* Base */ = {isa = PBXFileReference; lastKnownFileType = file.storyboard; name = Base; path = Base.lproj/Main.storyboard; sourceTree = "<group>"; };
		B53F8F1326EFA42B00805334 /* Assets.xcassets */ = {isa = PBXFileReference; lastKnownFileType = folder.assetcatalog; path = Assets.xcassets; sourceTree = "<group>"; };
		B53F8F1626EFA42B00805334 /* Base */ = {isa = PBXFileReference; lastKnownFileType = file.storyboard; name = Base; path = Base.lproj/LaunchScreen.storyboard; sourceTree = "<group>"; };
		B53F8F1826EFA42B00805334 /* Info.plist */ = {isa = PBXFileReference; lastKnownFileType = text.plist.xml; path = Info.plist; sourceTree = "<group>"; };
		B53F8F2326EFC20C00805334 /* izz-kyle.mp4 */ = {isa = PBXFileReference; lastKnownFileType = file; path = "izz-kyle.mp4"; sourceTree = "<group>"; };
		B53F8F2426EFC20C00805334 /* izz-ben.mp4 */ = {isa = PBXFileReference; lastKnownFileType = file; path = "izz-ben.mp4"; sourceTree = "<group>"; };
		B53F8F2526EFC20D00805334 /* izz-del.mp4 */ = {isa = PBXFileReference; lastKnownFileType = file; path = "izz-del.mp4"; sourceTree = "<group>"; };
		B53F8F2626EFC20D00805334 /* LaunchScreen.mp4 */ = {isa = PBXFileReference; lastKnownFileType = file; path = LaunchScreen.mp4; sourceTree = "<group>"; };
		B53F8F2726EFC20D00805334 /* kyle-del.mp4 */ = {isa = PBXFileReference; lastKnownFileType = file; path = "kyle-del.mp4"; sourceTree = "<group>"; };
		B53F8F2826EFC20D00805334 /* ben-del.mp4 */ = {isa = PBXFileReference; lastKnownFileType = file; path = "ben-del.mp4"; sourceTree = "<group>"; };
		B53F8F2926EFC20D00805334 /* ben-kyle.mp4 */ = {isa = PBXFileReference; lastKnownFileType = file; path = "ben-kyle.mp4"; sourceTree = "<group>"; };
		B53F8F3126EFC2DA00805334 /* SMBSound.mp4 */ = {isa = PBXFileReference; lastKnownFileType = file; path = SMBSound.mp4; sourceTree = "<group>"; };
/* End PBXFileReference section */

/* Begin PBXFrameworksBuildPhase section */
		B53F8F0426EFA42A00805334 /* Frameworks */ = {
			isa = PBXFrameworksBuildPhase;
			buildActionMask = 2147483647;
			files = (
			);
			runOnlyForDeploymentPostprocessing = 0;
		};
/* End PBXFrameworksBuildPhase section */

/* Begin PBXGroup section */
		B53F8EFE26EFA42A00805334 = {
			isa = PBXGroup;
			children = (
				B53F8F0926EFA42A00805334 /* GroupAssesment */,
				B53F8F0826EFA42A00805334 /* Products */,
			);
			sourceTree = "<group>";
		};
		B53F8F0826EFA42A00805334 /* Products */ = {
			isa = PBXGroup;
			children = (
				B53F8F0726EFA42A00805334 /* GroupAssesment.app */,
			);
			name = Products;
			sourceTree = "<group>";
		};
		B53F8F0926EFA42A00805334 /* GroupAssesment */ = {
			isa = PBXGroup;
			children = (
				B53F8F2826EFC20D00805334 /* ben-del.mp4 */,
				B53F8F2926EFC20D00805334 /* ben-kyle.mp4 */,
				B53F8F2426EFC20C00805334 /* izz-ben.mp4 */,
				B53F8F2526EFC20D00805334 /* izz-del.mp4 */,
				B53F8F2326EFC20C00805334 /* izz-kyle.mp4 */,
				B53F8F2726EFC20D00805334 /* kyle-del.mp4 */,
				B53F8F2626EFC20D00805334 /* LaunchScreen.mp4 */,
				B53F8F3126EFC2DA00805334 /* SMBSound.mp4 */,
				B53F8F2126EFA46600805334 /* Views */,
				B53F8F1F26EFA45400805334 /* Controllers */,
				B53F8F1E26EFA43D00805334 /* Resources */,
			);
			path = GroupAssesment;
			sourceTree = "<group>";
		};
		B53F8F1E26EFA43D00805334 /* Resources */ = {
			isa = PBXGroup;
			children = (
				B53F8F0A26EFA42A00805334 /* AppDelegate.swift */,
				B53F8F0C26EFA42A00805334 /* SceneDelegate.swift */,
				B53F8F1326EFA42B00805334 /* Assets.xcassets */,
				B53F8F1826EFA42B00805334 /* Info.plist */,
			);
			path = Resources;
			sourceTree = "<group>";
		};
		B53F8F1F26EFA45400805334 /* Controllers */ = {
			isa = PBXGroup;
			children = (
				B53F8F2026EFA45B00805334 /* ViewControllers */,
			);
			path = Controllers;
			sourceTree = "<group>";
		};
		B53F8F2026EFA45B00805334 /* ViewControllers */ = {
			isa = PBXGroup;
			children = (
				B53F8F0E26EFA42A00805334 /* ViewController.swift */,
			);
			path = ViewControllers;
			sourceTree = "<group>";
		};
		B53F8F2126EFA46600805334 /* Views */ = {
			isa = PBXGroup;
			children = (
				B53F8F2226EFA46F00805334 /* Storyboards */,
			);
			path = Views;
			sourceTree = "<group>";
		};
		B53F8F2226EFA46F00805334 /* Storyboards */ = {
			isa = PBXGroup;
			children = (
				B53F8F1026EFA42A00805334 /* Main.storyboard */,
				B53F8F1526EFA42B00805334 /* LaunchScreen.storyboard */,
			);
			path = Storyboards;
			sourceTree = "<group>";
		};
/* End PBXGroup section */

/* Begin PBXNativeTarget section */
		B53F8F0626EFA42A00805334 /* GroupAssesment */ = {
			isa = PBXNativeTarget;
			buildConfigurationList = B53F8F1B26EFA42B00805334 /* Build configuration list for PBXNativeTarget "GroupAssesment" */;
			buildPhases = (
				B53F8F0326EFA42A00805334 /* Sources */,
				B53F8F0426EFA42A00805334 /* Frameworks */,
				B53F8F0526EFA42A00805334 /* Resources */,
			);
			buildRules = (
			);
			dependencies = (
			);
			name = GroupAssesment;
			productName = GroupAssesment;
			productReference = B53F8F0726EFA42A00805334 /* GroupAssesment.app */;
			productType = "com.apple.product-type.application";
		};
/* End PBXNativeTarget section */

/* Begin PBXProject section */
		B53F8EFF26EFA42A00805334 /* Project object */ = {
			isa = PBXProject;
			attributes = {
				LastSwiftUpdateCheck = 1250;
				LastUpgradeCheck = 1250;
				TargetAttributes = {
					B53F8F0626EFA42A00805334 = {
						CreatedOnToolsVersion = 12.5.1;
					};
				};
			};
			buildConfigurationList = B53F8F0226EFA42A00805334 /* Build configuration list for PBXProject "GroupAssesment" */;
			compatibilityVersion = "Xcode 9.3";
			developmentRegion = en;
			hasScannedForEncodings = 0;
			knownRegions = (
				en,
				Base,
			);
			mainGroup = B53F8EFE26EFA42A00805334;
			productRefGroup = B53F8F0826EFA42A00805334 /* Products */;
			projectDirPath = "";
			projectRoot = "";
			targets = (
				B53F8F0626EFA42A00805334 /* GroupAssesment */,
			);
		};
/* End PBXProject section */

/* Begin PBXResourcesBuildPhase section */
		B53F8F0526EFA42A00805334 /* Resources */ = {
			isa = PBXResourcesBuildPhase;
			buildActionMask = 2147483647;
			files = (
				B53F8F1726EFA42B00805334 /* LaunchScreen.storyboard in Resources */,
				B53F8F2F26EFC20D00805334 /* ben-del.mp4 in Resources */,
				B53F8F1426EFA42B00805334 /* Assets.xcassets in Resources */,
				B53F8F3226EFC2DA00805334 /* SMBSound.mp4 in Resources */,
				B53F8F2E26EFC20D00805334 /* kyle-del.mp4 in Resources */,
				B53F8F2A26EFC20D00805334 /* izz-kyle.mp4 in Resources */,
				B53F8F1226EFA42A00805334 /* Main.storyboard in Resources */,
				B53F8F2B26EFC20D00805334 /* izz-ben.mp4 in Resources */,
				B53F8F2C26EFC20D00805334 /* izz-del.mp4 in Resources */,
				B53F8F3026EFC20D00805334 /* ben-kyle.mp4 in Resources */,
				B53F8F2D26EFC20D00805334 /* LaunchScreen.mp4 in Resources */,
			);
			runOnlyForDeploymentPostprocessing = 0;
		};
/* End PBXResourcesBuildPhase section */

/* Begin PBXSourcesBuildPhase section */
		B53F8F0326EFA42A00805334 /* Sources */ = {
			isa = PBXSourcesBuildPhase;
			buildActionMask = 2147483647;
			files = (
				B53F8F0F26EFA42A00805334 /* ViewController.swift in Sources */,
				B53F8F0B26EFA42A00805334 /* AppDelegate.swift in Sources */,
				B53F8F0D26EFA42A00805334 /* SceneDelegate.swift in Sources */,
			);
			runOnlyForDeploymentPostprocessing = 0;
		};
/* End PBXSourcesBuildPhase section */

/* Begin PBXVariantGroup section */
		B53F8F1026EFA42A00805334 /* Main.storyboard */ = {
			isa = PBXVariantGroup;
			children = (
				B53F8F1126EFA42A00805334 /* Base */,
			);
			name = Main.storyboard;
			sourceTree = "<group>";
		};
		B53F8F1526EFA42B00805334 /* LaunchScreen.storyboard */ = {
			isa = PBXVariantGroup;
			children = (
				B53F8F1626EFA42B00805334 /* Base */,
			);
			name = LaunchScreen.storyboard;
			sourceTree = "<group>";
		};
/* End PBXVariantGroup section */

/* Begin XCBuildConfiguration section */
		B53F8F1926EFA42B00805334 /* Debug */ = {
			isa = XCBuildConfiguration;
			buildSettings = {
				ALWAYS_SEARCH_USER_PATHS = NO;
				CLANG_ANALYZER_NONNULL = YES;
				CLANG_ANALYZER_NUMBER_OBJECT_CONVERSION = YES_AGGRESSIVE;
				CLANG_CXX_LANGUAGE_STANDARD = "gnu++14";
				CLANG_CXX_LIBRARY = "libc++";
				CLANG_ENABLE_MODULES = YES;
				CLANG_ENABLE_OBJC_ARC = YES;
				CLANG_ENABLE_OBJC_WEAK = YES;
				CLANG_WARN_BLOCK_CAPTURE_AUTORELEASING = YES;
				CLANG_WARN_BOOL_CONVERSION = YES;
				CLANG_WARN_COMMA = YES;
				CLANG_WARN_CONSTANT_CONVERSION = YES;
				CLANG_WARN_DEPRECATED_OBJC_IMPLEMENTATIONS = YES;
				CLANG_WARN_DIRECT_OBJC_ISA_USAGE = YES_ERROR;
				CLANG_WARN_DOCUMENTATION_COMMENTS = YES;
				CLANG_WARN_EMPTY_BODY = YES;
				CLANG_WARN_ENUM_CONVERSION = YES;
				CLANG_WARN_INFINITE_RECURSION = YES;
				CLANG_WARN_INT_CONVERSION = YES;
				CLANG_WARN_NON_LITERAL_NULL_CONVERSION = YES;
				CLANG_WARN_OBJC_IMPLICIT_RETAIN_SELF = YES;
				CLANG_WARN_OBJC_LITERAL_CONVERSION = YES;
				CLANG_WARN_OBJC_ROOT_CLASS = YES_ERROR;
				CLANG_WARN_QUOTED_INCLUDE_IN_FRAMEWORK_HEADER = YES;
				CLANG_WARN_RANGE_LOOP_ANALYSIS = YES;
				CLANG_WARN_STRICT_PROTOTYPES = YES;
				CLANG_WARN_SUSPICIOUS_MOVE = YES;
				CLANG_WARN_UNGUARDED_AVAILABILITY = YES_AGGRESSIVE;
				CLANG_WARN_UNREACHABLE_CODE = YES;
				CLANG_WARN__DUPLICATE_METHOD_MATCH = YES;
				COPY_PHASE_STRIP = NO;
				DEBUG_INFORMATION_FORMAT = dwarf;
				ENABLE_STRICT_OBJC_MSGSEND = YES;
				ENABLE_TESTABILITY = YES;
				GCC_C_LANGUAGE_STANDARD = gnu11;
				GCC_DYNAMIC_NO_PIC = NO;
				GCC_NO_COMMON_BLOCKS = YES;
				GCC_OPTIMIZATION_LEVEL = 0;
				GCC_PREPROCESSOR_DEFINITIONS = (
					"DEBUG=1",
					"$(inherited)",
				);
				GCC_WARN_64_TO_32_BIT_CONVERSION = YES;
				GCC_WARN_ABOUT_RETURN_TYPE = YES_ERROR;
				GCC_WARN_UNDECLARED_SELECTOR = YES;
				GCC_WARN_UNINITIALIZED_AUTOS = YES_AGGRESSIVE;
				GCC_WARN_UNUSED_FUNCTION = YES;
				GCC_WARN_UNUSED_VARIABLE = YES;
				IPHONEOS_DEPLOYMENT_TARGET = 14.5;
				MTL_ENABLE_DEBUG_INFO = INCLUDE_SOURCE;
				MTL_FAST_MATH = YES;
				ONLY_ACTIVE_ARCH = YES;
				SDKROOT = iphoneos;
				SWIFT_ACTIVE_COMPILATION_CONDITIONS = DEBUG;
				SWIFT_OPTIMIZATION_LEVEL = "-Onone";
			};
			name = Debug;
		};
		B53F8F1A26EFA42B00805334 /* Release */ = {
			isa = XCBuildConfiguration;
			buildSettings = {
				ALWAYS_SEARCH_USER_PATHS = NO;
				CLANG_ANALYZER_NONNULL = YES;
				CLANG_ANALYZER_NUMBER_OBJECT_CONVERSION = YES_AGGRESSIVE;
				CLANG_CXX_LANGUAGE_STANDARD = "gnu++14";
				CLANG_CXX_LIBRARY = "libc++";
				CLANG_ENABLE_MODULES = YES;
				CLANG_ENABLE_OBJC_ARC = YES;
				CLANG_ENABLE_OBJC_WEAK = YES;
				CLANG_WARN_BLOCK_CAPTURE_AUTORELEASING = YES;
				CLANG_WARN_BOOL_CONVERSION = YES;
				CLANG_WARN_COMMA = YES;
				CLANG_WARN_CONSTANT_CONVERSION = YES;
				CLANG_WARN_DEPRECATED_OBJC_IMPLEMENTATIONS = YES;
				CLANG_WARN_DIRECT_OBJC_ISA_USAGE = YES_ERROR;
				CLANG_WARN_DOCUMENTATION_COMMENTS = YES;
				CLANG_WARN_EMPTY_BODY = YES;
				CLANG_WARN_ENUM_CONVERSION = YES;
				CLANG_WARN_INFINITE_RECURSION = YES;
				CLANG_WARN_INT_CONVERSION = YES;
				CLANG_WARN_NON_LITERAL_NULL_CONVERSION = YES;
				CLANG_WARN_OBJC_IMPLICIT_RETAIN_SELF = YES;
				CLANG_WARN_OBJC_LITERAL_CONVERSION = YES;
				CLANG_WARN_OBJC_ROOT_CLASS = YES_ERROR;
				CLANG_WARN_QUOTED_INCLUDE_IN_FRAMEWORK_HEADER = YES;
				CLANG_WARN_RANGE_LOOP_ANALYSIS = YES;
				CLANG_WARN_STRICT_PROTOTYPES = YES;
				CLANG_WARN_SUSPICIOUS_MOVE = YES;
				CLANG_WARN_UNGUARDED_AVAILABILITY = YES_AGGRESSIVE;
				CLANG_WARN_UNREACHABLE_CODE = YES;
				CLANG_WARN__DUPLICATE_METHOD_MATCH = YES;
				COPY_PHASE_STRIP = NO;
				DEBUG_INFORMATION_FORMAT = "dwarf-with-dsym";
				ENABLE_NS_ASSERTIONS = NO;
				ENABLE_STRICT_OBJC_MSGSEND = YES;
				GCC_C_LANGUAGE_STANDARD = gnu11;
				GCC_NO_COMMON_BLOCKS = YES;
				GCC_WARN_64_TO_32_BIT_CONVERSION = YES;
				GCC_WARN_ABOUT_RETURN_TYPE = YES_ERROR;
				GCC_WARN_UNDECLARED_SELECTOR = YES;
				GCC_WARN_UNINITIALIZED_AUTOS = YES_AGGRESSIVE;
				GCC_WARN_UNUSED_FUNCTION = YES;
				GCC_WARN_UNUSED_VARIABLE = YES;
				IPHONEOS_DEPLOYMENT_TARGET = 14.5;
				MTL_ENABLE_DEBUG_INFO = NO;
				MTL_FAST_MATH = YES;
				SDKROOT = iphoneos;
				SWIFT_COMPILATION_MODE = wholemodule;
				SWIFT_OPTIMIZATION_LEVEL = "-O";
				VALIDATE_PRODUCT = YES;
			};
			name = Release;
		};
		B53F8F1C26EFA42B00805334 /* Debug */ = {
			isa = XCBuildConfiguration;
			buildSettings = {
				ASSETCATALOG_COMPILER_APPICON_NAME = AppIcon;
				ASSETCATALOG_COMPILER_GLOBAL_ACCENT_COLOR_NAME = AccentColor;
				CODE_SIGN_STYLE = Automatic;
				DEVELOPMENT_TEAM = A5WKQ59823;
				INFOPLIST_FILE = GroupAssesment/Resources/Info.plist;
				LD_RUNPATH_SEARCH_PATHS = (
					"$(inherited)",
					"@executable_path/Frameworks",
				);
				PRODUCT_BUNDLE_IDENTIFIER = com.BenEreksonIsReallyBored.GroupAssesment;
				PRODUCT_NAME = "$(TARGET_NAME)";
				SWIFT_VERSION = 5.0;
				TARGETED_DEVICE_FAMILY = "1,2";
			};
			name = Debug;
		};
		B53F8F1D26EFA42B00805334 /* Release */ = {
			isa = XCBuildConfiguration;
			buildSettings = {
				ASSETCATALOG_COMPILER_APPICON_NAME = AppIcon;
				ASSETCATALOG_COMPILER_GLOBAL_ACCENT_COLOR_NAME = AccentColor;
				CODE_SIGN_STYLE = Automatic;
				DEVELOPMENT_TEAM = A5WKQ59823;
				INFOPLIST_FILE = GroupAssesment/Resources/Info.plist;
				LD_RUNPATH_SEARCH_PATHS = (
					"$(inherited)",
					"@executable_path/Frameworks",
				);
				PRODUCT_BUNDLE_IDENTIFIER = com.BenEreksonIsReallyBored.GroupAssesment;
				PRODUCT_NAME = "$(TARGET_NAME)";
				SWIFT_VERSION = 5.0;
				TARGETED_DEVICE_FAMILY = "1,2";
			};
			name = Release;
		};
/* End XCBuildConfiguration section */

/* Begin XCConfigurationList section */
		B53F8F0226EFA42A00805334 /* Build configuration list for PBXProject "GroupAssesment" */ = {
			isa = XCConfigurationList;
			buildConfigurations = (
				B53F8F1926EFA42B00805334 /* Debug */,
				B53F8F1A26EFA42B00805334 /* Release */,
			);
			defaultConfigurationIsVisible = 0;
			defaultConfigurationName = Release;
		};
		B53F8F1B26EFA42B00805334 /* Build configuration list for PBXNativeTarget "GroupAssesment" */ = {
			isa = XCConfigurationList;
			buildConfigurations = (
				B53F8F1C26EFA42B00805334 /* Debug */,
				B53F8F1D26EFA42B00805334 /* Release */,
			);
			defaultConfigurationIsVisible = 0;
			defaultConfigurationName = Release;
		};
/* End XCConfigurationList section */
	};
	rootObject = B53F8EFF26EFA42A00805334 /* Project object */;
}
